// !$*UTF8*$!
{
	archiveVersion = 1;
	classes = {
	};
	objectVersion = 46;
	objects = {

/* Begin PBXBuildFile section */
		F9163CF8193BAD07002EE1E2 /* NSString+Calculation.m in Sources */ = {isa = PBXBuildFile; fileRef = F9163CDB193BAD07002EE1E2 /* NSString+Calculation.m */; };
		F9163CF9193BAD07002EE1E2 /* attachment.png in Resources */ = {isa = PBXBuildFile; fileRef = F9163CDD193BAD07002EE1E2 /* attachment.png */; };
		F9163CFA193BAD07002EE1E2 /* attachment@2x.png in Resources */ = {isa = PBXBuildFile; fileRef = F9163CDE193BAD07002EE1E2 /* attachment@2x.png */; };
		F9163CFB193BAD07002EE1E2 /* bubble.png in Resources */ = {isa = PBXBuildFile; fileRef = F9163CDF193BAD07002EE1E2 /* bubble.png */; };
		F9163CFC193BAD07002EE1E2 /* bubble@2x.png in Resources */ = {isa = PBXBuildFile; fileRef = F9163CE0193BAD07002EE1E2 /* bubble@2x.png */; };
		F9163CFD193BAD07002EE1E2 /* bubbleReceive.png in Resources */ = {isa = PBXBuildFile; fileRef = F9163CE1193BAD07002EE1E2 /* bubbleReceive.png */; };
		F9163CFE193BAD07002EE1E2 /* bubbleReceive@2x.png in Resources */ = {isa = PBXBuildFile; fileRef = F9163CE2193BAD07002EE1E2 /* bubbleReceive@2x.png */; };
		F9163CFF193BAD07002EE1E2 /* inputTextBG.png in Resources */ = {isa = PBXBuildFile; fileRef = F9163CE3193BAD07002EE1E2 /* inputTextBG.png */; };
		F9163D00193BAD07002EE1E2 /* inputTextBG@2x.png in Resources */ = {isa = PBXBuildFile; fileRef = F9163CE4193BAD07002EE1E2 /* inputTextBG@2x.png */; };
		F9163D01193BAD07002EE1E2 /* play_button.png in Resources */ = {isa = PBXBuildFile; fileRef = F9163CE5193BAD07002EE1E2 /* play_button.png */; };
		F9163D02193BAD07002EE1E2 /* play_button@2x.png in Resources */ = {isa = PBXBuildFile; fileRef = F9163CE6193BAD07002EE1E2 /* play_button@2x.png */; };
		F9163D03193BAD07002EE1E2 /* SOImageBrowserView.m in Sources */ = {isa = PBXBuildFile; fileRef = F9163CE8193BAD07002EE1E2 /* SOImageBrowserView.m */; };
		F9163D04193BAD07002EE1E2 /* SOMessage.m in Sources */ = {isa = PBXBuildFile; fileRef = F9163CEA193BAD07002EE1E2 /* SOMessage.m */; };
		F9163D05193BAD07002EE1E2 /* SOMessageCell.m in Sources */ = {isa = PBXBuildFile; fileRef = F9163CEC193BAD07002EE1E2 /* SOMessageCell.m */; };
		F9163D06193BAD07002EE1E2 /* SOMessageInputView.m in Sources */ = {isa = PBXBuildFile; fileRef = F9163CEE193BAD07002EE1E2 /* SOMessageInputView.m */; };
		F9163D07193BAD07002EE1E2 /* SOMessagingViewController.m in Sources */ = {isa = PBXBuildFile; fileRef = F9163CF3193BAD07002EE1E2 /* SOMessagingViewController.m */; };
		F9163D08193BAD07002EE1E2 /* SOPlaceholderedTextView.m in Sources */ = {isa = PBXBuildFile; fileRef = F9163CF5193BAD07002EE1E2 /* SOPlaceholderedTextView.m */; };
		F9163D09193BAD07002EE1E2 /* UINavigationController+Rotation.m in Sources */ = {isa = PBXBuildFile; fileRef = F9163CF7193BAD07002EE1E2 /* UINavigationController+Rotation.m */; };
		F9163D0B193BADC9002EE1E2 /* QuartzCore.framework in Frameworks */ = {isa = PBXBuildFile; fileRef = F9163D0A193BADC9002EE1E2 /* QuartzCore.framework */; };
		F9163D0D193BADDA002EE1E2 /* MediaPlayer.framework in Frameworks */ = {isa = PBXBuildFile; fileRef = F9163D0C193BADDA002EE1E2 /* MediaPlayer.framework */; };
		F9163D13193BB23E002EE1E2 /* ChatRoomVC.m in Sources */ = {isa = PBXBuildFile; fileRef = F9163D12193BB23E002EE1E2 /* ChatRoomVC.m */; };
		F9163D1A193E1A55002EE1E2 /* ChatRoomCell.m in Sources */ = {isa = PBXBuildFile; fileRef = F9163D19193E1A55002EE1E2 /* ChatRoomCell.m */; };
		F91D14E41933A5380094299C /* BeckonCell.m in Sources */ = {isa = PBXBuildFile; fileRef = F91D14E31933A5380094299C /* BeckonCell.m */; };
		F91D14E71933AF670094299C /* BeckonPickFriendsVC.m in Sources */ = {isa = PBXBuildFile; fileRef = F91D14E61933AF670094299C /* BeckonPickFriendsVC.m */; };
		F91D14EA1933AF9A0094299C /* BeckonPickGroupsVC.m in Sources */ = {isa = PBXBuildFile; fileRef = F91D14E91933AF9A0094299C /* BeckonPickGroupsVC.m */; };
		F91D14ED1934FD7D0094299C /* Beckon.m in Sources */ = {isa = PBXBuildFile; fileRef = F91D14EC1934FD7D0094299C /* Beckon.m */; };
		F9572A20192135F500D7D51E /* AppState.m in Sources */ = {isa = PBXBuildFile; fileRef = F9572A1F192135F500D7D51E /* AppState.m */; };
		F95B92BF193A6A5800416BDA /* FriendTabVC.m in Sources */ = {isa = PBXBuildFile; fileRef = F95B92BE193A6A5800416BDA /* FriendTabVC.m */; };
		F95B92CA193A8C9300416BDA /* lllaallalalalajfæowehfpawpfuawbdpo.png in Resources */ = {isa = PBXBuildFile; fileRef = F95B92C9193A8C9300416BDA /* lllaallalalalajfæowehfpawpfuawbdpo.png */; };
		F95B92CC193A8D3E00416BDA /* Lalaatest3ocu.png in Resources */ = {isa = PBXBuildFile; fileRef = F95B92CB193A8D3E00416BDA /* Lalaatest3ocu.png */; };
		F9ADF35C190BF9DA002C6809 /* SettingsVC.m in Sources */ = {isa = PBXBuildFile; fileRef = F9ADF35B190BF9DA002C6809 /* SettingsVC.m */; };
		F9B016FB1927AA9E0088B6AB /* GroupCell.m in Sources */ = {isa = PBXBuildFile; fileRef = F9B016FA1927AA9E0088B6AB /* GroupCell.m */; };
		F9B016FE1928E6510088B6AB /* FriendCell.m in Sources */ = {isa = PBXBuildFile; fileRef = F9B016FD1928E6510088B6AB /* FriendCell.m */; };
		F9B0170119290EFF0088B6AB /* MainTabVC.m in Sources */ = {isa = PBXBuildFile; fileRef = F9B0170019290EFF0088B6AB /* MainTabVC.m */; };
		F9B01707192A67150088B6AB /* GroupEditMembersVC.m in Sources */ = {isa = PBXBuildFile; fileRef = F9B01706192A67150088B6AB /* GroupEditMembersVC.m */; };
		F9B0170A192A68940088B6AB /* Group.m in Sources */ = {isa = PBXBuildFile; fileRef = F9B01709192A68940088B6AB /* Group.m */; };
		F9B0170D192A6CCD0088B6AB /* Friend.m in Sources */ = {isa = PBXBuildFile; fileRef = F9B0170C192A6CCD0088B6AB /* Friend.m */; };
		F9B01710192BBAB40088B6AB /* MemberCell.m in Sources */ = {isa = PBXBuildFile; fileRef = F9B0170F192BBAB40088B6AB /* MemberCell.m */; };
		F9BBEF93190AF05C00452C5C /* Foundation.framework in Frameworks */ = {isa = PBXBuildFile; fileRef = F9BBEF92190AF05C00452C5C /* Foundation.framework */; };
		F9BBEF95190AF05C00452C5C /* CoreGraphics.framework in Frameworks */ = {isa = PBXBuildFile; fileRef = F9BBEF94190AF05C00452C5C /* CoreGraphics.framework */; };
		F9BBEF97190AF05C00452C5C /* UIKit.framework in Frameworks */ = {isa = PBXBuildFile; fileRef = F9BBEF96190AF05C00452C5C /* UIKit.framework */; };
		F9BBEF9D190AF05C00452C5C /* InfoPlist.strings in Resources */ = {isa = PBXBuildFile; fileRef = F9BBEF9B190AF05C00452C5C /* InfoPlist.strings */; };
		F9BBEF9F190AF05C00452C5C /* main.m in Sources */ = {isa = PBXBuildFile; fileRef = F9BBEF9E190AF05C00452C5C /* main.m */; };
		F9BBEFA3190AF05C00452C5C /* AppDelegate.m in Sources */ = {isa = PBXBuildFile; fileRef = F9BBEFA2190AF05C00452C5C /* AppDelegate.m */; };
		F9BBEFA6190AF05C00452C5C /* Main.storyboard in Resources */ = {isa = PBXBuildFile; fileRef = F9BBEFA4190AF05C00452C5C /* Main.storyboard */; };
		F9BBEFAB190AF05C00452C5C /* Images.xcassets in Resources */ = {isa = PBXBuildFile; fileRef = F9BBEFAA190AF05C00452C5C /* Images.xcassets */; };
		F9BBEFCA190BF22700452C5C /* BeckonVC.m in Sources */ = {isa = PBXBuildFile; fileRef = F9BBEFC9190BF22700452C5C /* BeckonVC.m */; };
		F9BBEFCD190BF23800452C5C /* FriendsVC.m in Sources */ = {isa = PBXBuildFile; fileRef = F9BBEFCC190BF23800452C5C /* FriendsVC.m */; };
		F9BBEFD0190BF24700452C5C /* GroupsVC.m in Sources */ = {isa = PBXBuildFile; fileRef = F9BBEFCF190BF24700452C5C /* GroupsVC.m */; };
		F9BBEFD3190BF26800452C5C /* SignInVC.m in Sources */ = {isa = PBXBuildFile; fileRef = F9BBEFD2190BF26800452C5C /* SignInVC.m */; };
		F9BBEFD6190BF27700452C5C /* SignUpVC.m in Sources */ = {isa = PBXBuildFile; fileRef = F9BBEFD5190BF27700452C5C /* SignUpVC.m */; };
		F9BBEFDF190BF40A00452C5C /* FriendDetailVC.m in Sources */ = {isa = PBXBuildFile; fileRef = F9BBEFDE190BF40A00452C5C /* FriendDetailVC.m */; };
		F9BBEFE2190BF41C00452C5C /* GroupDetailVC.m in Sources */ = {isa = PBXBuildFile; fileRef = F9BBEFE1190BF41C00452C5C /* GroupDetailVC.m */; };
		F9BBEFE5190BF45D00452C5C /* BeckonCreateVC.m in Sources */ = {isa = PBXBuildFile; fileRef = F9BBEFE4190BF45D00452C5C /* BeckonCreateVC.m */; };
		F9BBEFE8190BF47100452C5C /* BeckonDetailVC.m in Sources */ = {isa = PBXBuildFile; fileRef = F9BBEFE7190BF47100452C5C /* BeckonDetailVC.m */; };
		F9BBEFEF190BF68A00452C5C /* Friends.m in Sources */ = {isa = PBXBuildFile; fileRef = F9BBEFEE190BF68A00452C5C /* Friends.m */; };
		F9BBEFF2190BF69500452C5C /* Groups.m in Sources */ = {isa = PBXBuildFile; fileRef = F9BBEFF1190BF69500452C5C /* Groups.m */; };
		F9BBEFF5190BF6A000452C5C /* Beckons.m in Sources */ = {isa = PBXBuildFile; fileRef = F9BBEFF4190BF6A000452C5C /* Beckons.m */; };
		F9BBEFF9190BF6B800452C5C /* Server.m in Sources */ = {isa = PBXBuildFile; fileRef = F9BBEFF8190BF6B800452C5C /* Server.m */; };
		F9BDCFA719379EE10095E598 /* Logo 58x58.png in Resources */ = {isa = PBXBuildFile; fileRef = F9BDCFA219379EE10095E598 /* Logo 58x58.png */; };
		F9BDCFA819379EE10095E598 /* logo 80x80.png in Resources */ = {isa = PBXBuildFile; fileRef = F9BDCFA319379EE10095E598 /* logo 80x80.png */; };
		F9BDCFA919379EE10095E598 /* logo 120x120.png in Resources */ = {isa = PBXBuildFile; fileRef = F9BDCFA419379EE10095E598 /* logo 120x120.png */; };
		F9BDCFAA19379EE10095E598 /* logo 640x960.png in Resources */ = {isa = PBXBuildFile; fileRef = F9BDCFA519379EE10095E598 /* logo 640x960.png */; };
		F9BDCFAB19379EE10095E598 /* logo 640x1136.png in Resources */ = {isa = PBXBuildFile; fileRef = F9BDCFA619379EE10095E598 /* logo 640x1136.png */; };
		F9BDCFAD19379FBF0095E598 /* Bertil3.jpg in Resources */ = {isa = PBXBuildFile; fileRef = F9BDCFAC19379FBF0095E598 /* Bertil3.jpg */; };
		F9DE061B195EE5A900D3356A /* MapKit.framework in Frameworks */ = {isa = PBXBuildFile; fileRef = F9DE061A195EE5A900D3356A /* MapKit.framework */; };
/* End PBXBuildFile section */

/* Begin PBXFileReference section */
		F9163CDA193BAD07002EE1E2 /* NSString+Calculation.h */ = {isa = PBXFileReference; fileEncoding = 4; lastKnownFileType = sourcecode.c.h; path = "NSString+Calculation.h"; sourceTree = "<group>"; };
		F9163CDB193BAD07002EE1E2 /* NSString+Calculation.m */ = {isa = PBXFileReference; fileEncoding = 4; lastKnownFileType = sourcecode.c.objc; path = "NSString+Calculation.m"; sourceTree = "<group>"; };
		F9163CDD193BAD07002EE1E2 /* attachment.png */ = {isa = PBXFileReference; lastKnownFileType = image.png; path = attachment.png; sourceTree = "<group>"; };
		F9163CDE193BAD07002EE1E2 /* attachment@2x.png */ = {isa = PBXFileReference; lastKnownFileType = image.png; path = "attachment@2x.png"; sourceTree = "<group>"; };
		F9163CDF193BAD07002EE1E2 /* bubble.png */ = {isa = PBXFileReference; lastKnownFileType = image.png; path = bubble.png; sourceTree = "<group>"; };
		F9163CE0193BAD07002EE1E2 /* bubble@2x.png */ = {isa = PBXFileReference; lastKnownFileType = image.png; path = "bubble@2x.png"; sourceTree = "<group>"; };
		F9163CE1193BAD07002EE1E2 /* bubbleReceive.png */ = {isa = PBXFileReference; lastKnownFileType = image.png; path = bubbleReceive.png; sourceTree = "<group>"; };
		F9163CE2193BAD07002EE1E2 /* bubbleReceive@2x.png */ = {isa = PBXFileReference; lastKnownFileType = image.png; path = "bubbleReceive@2x.png"; sourceTree = "<group>"; };
		F9163CE3193BAD07002EE1E2 /* inputTextBG.png */ = {isa = PBXFileReference; lastKnownFileType = image.png; path = inputTextBG.png; sourceTree = "<group>"; };
		F9163CE4193BAD07002EE1E2 /* inputTextBG@2x.png */ = {isa = PBXFileReference; lastKnownFileType = image.png; path = "inputTextBG@2x.png"; sourceTree = "<group>"; };
		F9163CE5193BAD07002EE1E2 /* play_button.png */ = {isa = PBXFileReference; lastKnownFileType = image.png; path = play_button.png; sourceTree = "<group>"; };
		F9163CE6193BAD07002EE1E2 /* play_button@2x.png */ = {isa = PBXFileReference; lastKnownFileType = image.png; path = "play_button@2x.png"; sourceTree = "<group>"; };
		F9163CE7193BAD07002EE1E2 /* SOImageBrowserView.h */ = {isa = PBXFileReference; fileEncoding = 4; lastKnownFileType = sourcecode.c.h; path = SOImageBrowserView.h; sourceTree = "<group>"; };
		F9163CE8193BAD07002EE1E2 /* SOImageBrowserView.m */ = {isa = PBXFileReference; fileEncoding = 4; lastKnownFileType = sourcecode.c.objc; path = SOImageBrowserView.m; sourceTree = "<group>"; };
		F9163CE9193BAD07002EE1E2 /* SOMessage.h */ = {isa = PBXFileReference; fileEncoding = 4; lastKnownFileType = sourcecode.c.h; path = SOMessage.h; sourceTree = "<group>"; };
		F9163CEA193BAD07002EE1E2 /* SOMessage.m */ = {isa = PBXFileReference; fileEncoding = 4; lastKnownFileType = sourcecode.c.objc; path = SOMessage.m; sourceTree = "<group>"; };
		F9163CEB193BAD07002EE1E2 /* SOMessageCell.h */ = {isa = PBXFileReference; fileEncoding = 4; lastKnownFileType = sourcecode.c.h; path = SOMessageCell.h; sourceTree = "<group>"; };
		F9163CEC193BAD07002EE1E2 /* SOMessageCell.m */ = {isa = PBXFileReference; fileEncoding = 4; lastKnownFileType = sourcecode.c.objc; path = SOMessageCell.m; sourceTree = "<group>"; };
		F9163CED193BAD07002EE1E2 /* SOMessageInputView.h */ = {isa = PBXFileReference; fileEncoding = 4; lastKnownFileType = sourcecode.c.h; path = SOMessageInputView.h; sourceTree = "<group>"; };
		F9163CEE193BAD07002EE1E2 /* SOMessageInputView.m */ = {isa = PBXFileReference; fileEncoding = 4; lastKnownFileType = sourcecode.c.objc; path = SOMessageInputView.m; sourceTree = "<group>"; };
		F9163CEF193BAD07002EE1E2 /* SOMessageType.h */ = {isa = PBXFileReference; fileEncoding = 4; lastKnownFileType = sourcecode.c.h; path = SOMessageType.h; sourceTree = "<group>"; };
		F9163CF0193BAD07002EE1E2 /* SOMessagingDataSource.h */ = {isa = PBXFileReference; fileEncoding = 4; lastKnownFileType = sourcecode.c.h; path = SOMessagingDataSource.h; sourceTree = "<group>"; };
		F9163CF1193BAD07002EE1E2 /* SOMessagingDelegate.h */ = {isa = PBXFileReference; fileEncoding = 4; lastKnownFileType = sourcecode.c.h; path = SOMessagingDelegate.h; sourceTree = "<group>"; };
		F9163CF2193BAD07002EE1E2 /* SOMessagingViewController.h */ = {isa = PBXFileReference; fileEncoding = 4; lastKnownFileType = sourcecode.c.h; path = SOMessagingViewController.h; sourceTree = "<group>"; };
		F9163CF3193BAD07002EE1E2 /* SOMessagingViewController.m */ = {isa = PBXFileReference; fileEncoding = 4; lastKnownFileType = sourcecode.c.objc; path = SOMessagingViewController.m; sourceTree = "<group>"; };
		F9163CF4193BAD07002EE1E2 /* SOPlaceholderedTextView.h */ = {isa = PBXFileReference; fileEncoding = 4; lastKnownFileType = sourcecode.c.h; path = SOPlaceholderedTextView.h; sourceTree = "<group>"; };
		F9163CF5193BAD07002EE1E2 /* SOPlaceholderedTextView.m */ = {isa = PBXFileReference; fileEncoding = 4; lastKnownFileType = sourcecode.c.objc; path = SOPlaceholderedTextView.m; sourceTree = "<group>"; };
		F9163CF6193BAD07002EE1E2 /* UINavigationController+Rotation.h */ = {isa = PBXFileReference; fileEncoding = 4; lastKnownFileType = sourcecode.c.h; path = "UINavigationController+Rotation.h"; sourceTree = "<group>"; };
		F9163CF7193BAD07002EE1E2 /* UINavigationController+Rotation.m */ = {isa = PBXFileReference; fileEncoding = 4; lastKnownFileType = sourcecode.c.objc; path = "UINavigationController+Rotation.m"; sourceTree = "<group>"; };
		F9163D0A193BADC9002EE1E2 /* QuartzCore.framework */ = {isa = PBXFileReference; lastKnownFileType = wrapper.framework; name = QuartzCore.framework; path = System/Library/Frameworks/QuartzCore.framework; sourceTree = SDKROOT; };
		F9163D0C193BADDA002EE1E2 /* MediaPlayer.framework */ = {isa = PBXFileReference; lastKnownFileType = wrapper.framework; name = MediaPlayer.framework; path = System/Library/Frameworks/MediaPlayer.framework; sourceTree = SDKROOT; };
		F9163D11193BB23E002EE1E2 /* ChatRoomVC.h */ = {isa = PBXFileReference; fileEncoding = 4; lastKnownFileType = sourcecode.c.h; path = ChatRoomVC.h; sourceTree = "<group>"; };
		F9163D12193BB23E002EE1E2 /* ChatRoomVC.m */ = {isa = PBXFileReference; fileEncoding = 4; lastKnownFileType = sourcecode.c.objc; path = ChatRoomVC.m; sourceTree = "<group>"; };
		F9163D18193E1A55002EE1E2 /* ChatRoomCell.h */ = {isa = PBXFileReference; fileEncoding = 4; lastKnownFileType = sourcecode.c.h; path = ChatRoomCell.h; sourceTree = "<group>"; };
		F9163D19193E1A55002EE1E2 /* ChatRoomCell.m */ = {isa = PBXFileReference; fileEncoding = 4; lastKnownFileType = sourcecode.c.objc; path = ChatRoomCell.m; sourceTree = "<group>"; };
		F91D14E21933A5380094299C /* BeckonCell.h */ = {isa = PBXFileReference; fileEncoding = 4; lastKnownFileType = sourcecode.c.h; path = BeckonCell.h; sourceTree = "<group>"; };
		F91D14E31933A5380094299C /* BeckonCell.m */ = {isa = PBXFileReference; fileEncoding = 4; lastKnownFileType = sourcecode.c.objc; path = BeckonCell.m; sourceTree = "<group>"; };
		F91D14E51933AF670094299C /* BeckonPickFriendsVC.h */ = {isa = PBXFileReference; fileEncoding = 4; lastKnownFileType = sourcecode.c.h; path = BeckonPickFriendsVC.h; sourceTree = "<group>"; };
		F91D14E61933AF670094299C /* BeckonPickFriendsVC.m */ = {isa = PBXFileReference; fileEncoding = 4; lastKnownFileType = sourcecode.c.objc; path = BeckonPickFriendsVC.m; sourceTree = "<group>"; };
		F91D14E81933AF9A0094299C /* BeckonPickGroupsVC.h */ = {isa = PBXFileReference; fileEncoding = 4; lastKnownFileType = sourcecode.c.h; path = BeckonPickGroupsVC.h; sourceTree = "<group>"; };
		F91D14E91933AF9A0094299C /* BeckonPickGroupsVC.m */ = {isa = PBXFileReference; fileEncoding = 4; lastKnownFileType = sourcecode.c.objc; path = BeckonPickGroupsVC.m; sourceTree = "<group>"; };
		F91D14EB1934FD7D0094299C /* Beckon.h */ = {isa = PBXFileReference; fileEncoding = 4; lastKnownFileType = sourcecode.c.h; path = Beckon.h; sourceTree = "<group>"; };
		F91D14EC1934FD7D0094299C /* Beckon.m */ = {isa = PBXFileReference; fileEncoding = 4; lastKnownFileType = sourcecode.c.objc; path = Beckon.m; sourceTree = "<group>"; };
		F9572A1E192135F500D7D51E /* AppState.h */ = {isa = PBXFileReference; fileEncoding = 4; lastKnownFileType = sourcecode.c.h; path = AppState.h; sourceTree = "<group>"; };
		F9572A1F192135F500D7D51E /* AppState.m */ = {isa = PBXFileReference; fileEncoding = 4; lastKnownFileType = sourcecode.c.objc; path = AppState.m; sourceTree = "<group>"; };
		F95B92BD193A6A5800416BDA /* FriendTabVC.h */ = {isa = PBXFileReference; fileEncoding = 4; lastKnownFileType = sourcecode.c.h; path = FriendTabVC.h; sourceTree = "<group>"; };
		F95B92BE193A6A5800416BDA /* FriendTabVC.m */ = {isa = PBXFileReference; fileEncoding = 4; lastKnownFileType = sourcecode.c.objc; path = FriendTabVC.m; sourceTree = "<group>"; };
		F95B92C9193A8C9300416BDA /* lllaallalalalajfæowehfpawpfuawbdpo.png */ = {isa = PBXFileReference; lastKnownFileType = image.png; path = "lllaallalalalajfæowehfpawpfuawbdpo.png"; sourceTree = "<group>"; };
		F95B92CB193A8D3E00416BDA /* Lalaatest3ocu.png */ = {isa = PBXFileReference; lastKnownFileType = image.png; path = Lalaatest3ocu.png; sourceTree = "<group>"; };
		F9ADF35A190BF9DA002C6809 /* SettingsVC.h */ = {isa = PBXFileReference; fileEncoding = 4; lastKnownFileType = sourcecode.c.h; path = SettingsVC.h; sourceTree = "<group>"; };
		F9ADF35B190BF9DA002C6809 /* SettingsVC.m */ = {isa = PBXFileReference; fileEncoding = 4; lastKnownFileType = sourcecode.c.objc; path = SettingsVC.m; sourceTree = "<group>"; };
		F9B016F91927AA9E0088B6AB /* GroupCell.h */ = {isa = PBXFileReference; fileEncoding = 4; lastKnownFileType = sourcecode.c.h; path = GroupCell.h; sourceTree = "<group>"; };
		F9B016FA1927AA9E0088B6AB /* GroupCell.m */ = {isa = PBXFileReference; fileEncoding = 4; lastKnownFileType = sourcecode.c.objc; path = GroupCell.m; sourceTree = "<group>"; };
		F9B016FC1928E6510088B6AB /* FriendCell.h */ = {isa = PBXFileReference; fileEncoding = 4; lastKnownFileType = sourcecode.c.h; path = FriendCell.h; sourceTree = "<group>"; };
		F9B016FD1928E6510088B6AB /* FriendCell.m */ = {isa = PBXFileReference; fileEncoding = 4; lastKnownFileType = sourcecode.c.objc; path = FriendCell.m; sourceTree = "<group>"; };
		F9B016FF19290EFF0088B6AB /* MainTabVC.h */ = {isa = PBXFileReference; fileEncoding = 4; lastKnownFileType = sourcecode.c.h; path = MainTabVC.h; sourceTree = "<group>"; };
		F9B0170019290EFF0088B6AB /* MainTabVC.m */ = {isa = PBXFileReference; fileEncoding = 4; lastKnownFileType = sourcecode.c.objc; path = MainTabVC.m; sourceTree = "<group>"; };
		F9B01705192A67150088B6AB /* GroupEditMembersVC.h */ = {isa = PBXFileReference; fileEncoding = 4; lastKnownFileType = sourcecode.c.h; path = GroupEditMembersVC.h; sourceTree = "<group>"; };
		F9B01706192A67150088B6AB /* GroupEditMembersVC.m */ = {isa = PBXFileReference; fileEncoding = 4; lastKnownFileType = sourcecode.c.objc; path = GroupEditMembersVC.m; sourceTree = "<group>"; };
		F9B01708192A68940088B6AB /* Group.h */ = {isa = PBXFileReference; fileEncoding = 4; lastKnownFileType = sourcecode.c.h; path = Group.h; sourceTree = "<group>"; };
		F9B01709192A68940088B6AB /* Group.m */ = {isa = PBXFileReference; fileEncoding = 4; lastKnownFileType = sourcecode.c.objc; path = Group.m; sourceTree = "<group>"; };
		F9B0170B192A6CCD0088B6AB /* Friend.h */ = {isa = PBXFileReference; fileEncoding = 4; lastKnownFileType = sourcecode.c.h; path = Friend.h; sourceTree = "<group>"; };
		F9B0170C192A6CCD0088B6AB /* Friend.m */ = {isa = PBXFileReference; fileEncoding = 4; lastKnownFileType = sourcecode.c.objc; path = Friend.m; sourceTree = "<group>"; };
		F9B0170E192BBAB40088B6AB /* MemberCell.h */ = {isa = PBXFileReference; fileEncoding = 4; lastKnownFileType = sourcecode.c.h; path = MemberCell.h; sourceTree = "<group>"; };
		F9B0170F192BBAB40088B6AB /* MemberCell.m */ = {isa = PBXFileReference; fileEncoding = 4; lastKnownFileType = sourcecode.c.objc; path = MemberCell.m; sourceTree = "<group>"; };
		F9BBEF8F190AF05B00452C5C /* Junebug.app */ = {isa = PBXFileReference; explicitFileType = wrapper.application; includeInIndex = 0; path = Junebug.app; sourceTree = BUILT_PRODUCTS_DIR; };
		F9BBEF92190AF05C00452C5C /* Foundation.framework */ = {isa = PBXFileReference; lastKnownFileType = wrapper.framework; name = Foundation.framework; path = System/Library/Frameworks/Foundation.framework; sourceTree = SDKROOT; };
		F9BBEF94190AF05C00452C5C /* CoreGraphics.framework */ = {isa = PBXFileReference; lastKnownFileType = wrapper.framework; name = CoreGraphics.framework; path = System/Library/Frameworks/CoreGraphics.framework; sourceTree = SDKROOT; };
		F9BBEF96190AF05C00452C5C /* UIKit.framework */ = {isa = PBXFileReference; lastKnownFileType = wrapper.framework; name = UIKit.framework; path = System/Library/Frameworks/UIKit.framework; sourceTree = SDKROOT; };
		F9BBEF9A190AF05C00452C5C /* Junebug-Info.plist */ = {isa = PBXFileReference; lastKnownFileType = text.plist.xml; path = "Junebug-Info.plist"; sourceTree = "<group>"; };
		F9BBEF9C190AF05C00452C5C /* en */ = {isa = PBXFileReference; lastKnownFileType = text.plist.strings; name = en; path = en.lproj/InfoPlist.strings; sourceTree = "<group>"; };
		F9BBEF9E190AF05C00452C5C /* main.m */ = {isa = PBXFileReference; lastKnownFileType = sourcecode.c.objc; path = main.m; sourceTree = "<group>"; };
		F9BBEFA0190AF05C00452C5C /* Junebug-Prefix.pch */ = {isa = PBXFileReference; lastKnownFileType = sourcecode.c.h; path = "Junebug-Prefix.pch"; sourceTree = "<group>"; };
		F9BBEFA1190AF05C00452C5C /* AppDelegate.h */ = {isa = PBXFileReference; lastKnownFileType = sourcecode.c.h; path = AppDelegate.h; sourceTree = "<group>"; };
		F9BBEFA2190AF05C00452C5C /* AppDelegate.m */ = {isa = PBXFileReference; lastKnownFileType = sourcecode.c.objc; path = AppDelegate.m; sourceTree = "<group>"; };
		F9BBEFA5190AF05C00452C5C /* Base */ = {isa = PBXFileReference; lastKnownFileType = file.storyboard; name = Base; path = Base.lproj/Main.storyboard; sourceTree = "<group>"; };
		F9BBEFAA190AF05C00452C5C /* Images.xcassets */ = {isa = PBXFileReference; lastKnownFileType = folder.assetcatalog; path = Images.xcassets; sourceTree = "<group>"; };
		F9BBEFB1190AF05C00452C5C /* XCTest.framework */ = {isa = PBXFileReference; lastKnownFileType = wrapper.framework; name = XCTest.framework; path = Library/Frameworks/XCTest.framework; sourceTree = DEVELOPER_DIR; };
		F9BBEFC8190BF22700452C5C /* BeckonVC.h */ = {isa = PBXFileReference; fileEncoding = 4; lastKnownFileType = sourcecode.c.h; path = BeckonVC.h; sourceTree = "<group>"; };
		F9BBEFC9190BF22700452C5C /* BeckonVC.m */ = {isa = PBXFileReference; fileEncoding = 4; lastKnownFileType = sourcecode.c.objc; path = BeckonVC.m; sourceTree = "<group>"; };
		F9BBEFCB190BF23800452C5C /* FriendsVC.h */ = {isa = PBXFileReference; fileEncoding = 4; lastKnownFileType = sourcecode.c.h; path = FriendsVC.h; sourceTree = "<group>"; };
		F9BBEFCC190BF23800452C5C /* FriendsVC.m */ = {isa = PBXFileReference; fileEncoding = 4; lastKnownFileType = sourcecode.c.objc; path = FriendsVC.m; sourceTree = "<group>"; };
		F9BBEFCE190BF24700452C5C /* GroupsVC.h */ = {isa = PBXFileReference; fileEncoding = 4; lastKnownFileType = sourcecode.c.h; path = GroupsVC.h; sourceTree = "<group>"; };
		F9BBEFCF190BF24700452C5C /* GroupsVC.m */ = {isa = PBXFileReference; fileEncoding = 4; lastKnownFileType = sourcecode.c.objc; path = GroupsVC.m; sourceTree = "<group>"; };
		F9BBEFD1190BF26800452C5C /* SignInVC.h */ = {isa = PBXFileReference; fileEncoding = 4; lastKnownFileType = sourcecode.c.h; path = SignInVC.h; sourceTree = "<group>"; };
		F9BBEFD2190BF26800452C5C /* SignInVC.m */ = {isa = PBXFileReference; fileEncoding = 4; lastKnownFileType = sourcecode.c.objc; path = SignInVC.m; sourceTree = "<group>"; };
		F9BBEFD4190BF27700452C5C /* SignUpVC.h */ = {isa = PBXFileReference; fileEncoding = 4; lastKnownFileType = sourcecode.c.h; path = SignUpVC.h; sourceTree = "<group>"; };
		F9BBEFD5190BF27700452C5C /* SignUpVC.m */ = {isa = PBXFileReference; fileEncoding = 4; lastKnownFileType = sourcecode.c.objc; path = SignUpVC.m; sourceTree = "<group>"; };
		F9BBEFDD190BF40A00452C5C /* FriendDetailVC.h */ = {isa = PBXFileReference; fileEncoding = 4; lastKnownFileType = sourcecode.c.h; path = FriendDetailVC.h; sourceTree = "<group>"; };
		F9BBEFDE190BF40A00452C5C /* FriendDetailVC.m */ = {isa = PBXFileReference; fileEncoding = 4; lastKnownFileType = sourcecode.c.objc; path = FriendDetailVC.m; sourceTree = "<group>"; };
		F9BBEFE0190BF41C00452C5C /* GroupDetailVC.h */ = {isa = PBXFileReference; fileEncoding = 4; lastKnownFileType = sourcecode.c.h; path = GroupDetailVC.h; sourceTree = "<group>"; };
		F9BBEFE1190BF41C00452C5C /* GroupDetailVC.m */ = {isa = PBXFileReference; fileEncoding = 4; lastKnownFileType = sourcecode.c.objc; path = GroupDetailVC.m; sourceTree = "<group>"; };
		F9BBEFE3190BF45D00452C5C /* BeckonCreateVC.h */ = {isa = PBXFileReference; fileEncoding = 4; lastKnownFileType = sourcecode.c.h; path = BeckonCreateVC.h; sourceTree = "<group>"; };
		F9BBEFE4190BF45D00452C5C /* BeckonCreateVC.m */ = {isa = PBXFileReference; fileEncoding = 4; lastKnownFileType = sourcecode.c.objc; path = BeckonCreateVC.m; sourceTree = "<group>"; };
		F9BBEFE6190BF47100452C5C /* BeckonDetailVC.h */ = {isa = PBXFileReference; fileEncoding = 4; lastKnownFileType = sourcecode.c.h; path = BeckonDetailVC.h; sourceTree = "<group>"; };
		F9BBEFE7190BF47100452C5C /* BeckonDetailVC.m */ = {isa = PBXFileReference; fileEncoding = 4; lastKnownFileType = sourcecode.c.objc; path = BeckonDetailVC.m; sourceTree = "<group>"; };
		F9BBEFED190BF68A00452C5C /* Friends.h */ = {isa = PBXFileReference; fileEncoding = 4; lastKnownFileType = sourcecode.c.h; path = Friends.h; sourceTree = "<group>"; };
		F9BBEFEE190BF68A00452C5C /* Friends.m */ = {isa = PBXFileReference; fileEncoding = 4; lastKnownFileType = sourcecode.c.objc; path = Friends.m; sourceTree = "<group>"; };
		F9BBEFF0190BF69500452C5C /* Groups.h */ = {isa = PBXFileReference; fileEncoding = 4; lastKnownFileType = sourcecode.c.h; path = Groups.h; sourceTree = "<group>"; };
		F9BBEFF1190BF69500452C5C /* Groups.m */ = {isa = PBXFileReference; fileEncoding = 4; lastKnownFileType = sourcecode.c.objc; path = Groups.m; sourceTree = "<group>"; };
		F9BBEFF3190BF6A000452C5C /* Beckons.h */ = {isa = PBXFileReference; fileEncoding = 4; lastKnownFileType = sourcecode.c.h; path = Beckons.h; sourceTree = "<group>"; };
		F9BBEFF4190BF6A000452C5C /* Beckons.m */ = {isa = PBXFileReference; fileEncoding = 4; lastKnownFileType = sourcecode.c.objc; path = Beckons.m; sourceTree = "<group>"; };
		F9BBEFF7190BF6B800452C5C /* Server.h */ = {isa = PBXFileReference; fileEncoding = 4; lastKnownFileType = sourcecode.c.h; path = Server.h; sourceTree = "<group>"; };
		F9BBEFF8190BF6B800452C5C /* Server.m */ = {isa = PBXFileReference; fileEncoding = 4; lastKnownFileType = sourcecode.c.objc; path = Server.m; sourceTree = "<group>"; };
		F9BDCFA219379EE10095E598 /* Logo 58x58.png */ = {isa = PBXFileReference; lastKnownFileType = image.png; path = "Logo 58x58.png"; sourceTree = "<group>"; };
		F9BDCFA319379EE10095E598 /* logo 80x80.png */ = {isa = PBXFileReference; lastKnownFileType = image.png; path = "logo 80x80.png"; sourceTree = "<group>"; };
		F9BDCFA419379EE10095E598 /* logo 120x120.png */ = {isa = PBXFileReference; lastKnownFileType = image.png; path = "logo 120x120.png"; sourceTree = "<group>"; };
		F9BDCFA519379EE10095E598 /* logo 640x960.png */ = {isa = PBXFileReference; lastKnownFileType = image.png; path = "logo 640x960.png"; sourceTree = "<group>"; };
		F9BDCFA619379EE10095E598 /* logo 640x1136.png */ = {isa = PBXFileReference; lastKnownFileType = image.png; path = "logo 640x1136.png"; sourceTree = "<group>"; };
		F9BDCFAC19379FBF0095E598 /* Bertil3.jpg */ = {isa = PBXFileReference; lastKnownFileType = image.jpeg; path = Bertil3.jpg; sourceTree = "<group>"; };
		F9DE061A195EE5A900D3356A /* MapKit.framework */ = {isa = PBXFileReference; lastKnownFileType = wrapper.framework; name = MapKit.framework; path = System/Library/Frameworks/MapKit.framework; sourceTree = SDKROOT; };
/* End PBXFileReference section */

/* Begin PBXFrameworksBuildPhase section */
		F9BBEF8C190AF05B00452C5C /* Frameworks */ = {
			isa = PBXFrameworksBuildPhase;
			buildActionMask = 2147483647;
			files = (
				F9DE061B195EE5A900D3356A /* MapKit.framework in Frameworks */,
				F9163D0D193BADDA002EE1E2 /* MediaPlayer.framework in Frameworks */,
				F9163D0B193BADC9002EE1E2 /* QuartzCore.framework in Frameworks */,
				F9BBEF95190AF05C00452C5C /* CoreGraphics.framework in Frameworks */,
				F9BBEF97190AF05C00452C5C /* UIKit.framework in Frameworks */,
				F9BBEF93190AF05C00452C5C /* Foundation.framework in Frameworks */,
			);
			runOnlyForDeploymentPostprocessing = 0;
		};
/* End PBXFrameworksBuildPhase section */

/* Begin PBXGroup section */
		F9163CD9193BAD07002EE1E2 /* SOMessaging */ = {
			isa = PBXGroup;
			children = (
				F9163CDA193BAD07002EE1E2 /* NSString+Calculation.h */,
				F9163CDB193BAD07002EE1E2 /* NSString+Calculation.m */,
				F9163CDC193BAD07002EE1E2 /* Resources */,
				F9163CE7193BAD07002EE1E2 /* SOImageBrowserView.h */,
				F9163CE8193BAD07002EE1E2 /* SOImageBrowserView.m */,
				F9163CE9193BAD07002EE1E2 /* SOMessage.h */,
				F9163CEA193BAD07002EE1E2 /* SOMessage.m */,
				F9163CEB193BAD07002EE1E2 /* SOMessageCell.h */,
				F9163CEC193BAD07002EE1E2 /* SOMessageCell.m */,
				F9163CED193BAD07002EE1E2 /* SOMessageInputView.h */,
				F9163CEE193BAD07002EE1E2 /* SOMessageInputView.m */,
				F9163CEF193BAD07002EE1E2 /* SOMessageType.h */,
				F9163CF0193BAD07002EE1E2 /* SOMessagingDataSource.h */,
				F9163CF1193BAD07002EE1E2 /* SOMessagingDelegate.h */,
				F9163CF2193BAD07002EE1E2 /* SOMessagingViewController.h */,
				F9163CF3193BAD07002EE1E2 /* SOMessagingViewController.m */,
				F9163CF4193BAD07002EE1E2 /* SOPlaceholderedTextView.h */,
				F9163CF5193BAD07002EE1E2 /* SOPlaceholderedTextView.m */,
				F9163CF6193BAD07002EE1E2 /* UINavigationController+Rotation.h */,
				F9163CF7193BAD07002EE1E2 /* UINavigationController+Rotation.m */,
			);
			path = SOMessaging;
			sourceTree = "<group>";
		};
		F9163CDC193BAD07002EE1E2 /* Resources */ = {
			isa = PBXGroup;
			children = (
				F9163CDD193BAD07002EE1E2 /* attachment.png */,
				F9163CDE193BAD07002EE1E2 /* attachment@2x.png */,
				F9163CDF193BAD07002EE1E2 /* bubble.png */,
				F9163CE0193BAD07002EE1E2 /* bubble@2x.png */,
				F9163CE1193BAD07002EE1E2 /* bubbleReceive.png */,
				F9163CE2193BAD07002EE1E2 /* bubbleReceive@2x.png */,
				F9163CE3193BAD07002EE1E2 /* inputTextBG.png */,
				F9163CE4193BAD07002EE1E2 /* inputTextBG@2x.png */,
				F9163CE5193BAD07002EE1E2 /* play_button.png */,
				F9163CE6193BAD07002EE1E2 /* play_button@2x.png */,
			);
			path = Resources;
			sourceTree = "<group>";
		};
		F9163D14193BBD7E002EE1E2 /* Friend */ = {
			isa = PBXGroup;
			children = (
				F95B92BD193A6A5800416BDA /* FriendTabVC.h */,
				F95B92BE193A6A5800416BDA /* FriendTabVC.m */,
				F9163D11193BB23E002EE1E2 /* ChatRoomVC.h */,
				F9163D12193BB23E002EE1E2 /* ChatRoomVC.m */,
				F9BBEFDD190BF40A00452C5C /* FriendDetailVC.h */,
				F9BBEFDE190BF40A00452C5C /* FriendDetailVC.m */,
				F9BBEFCB190BF23800452C5C /* FriendsVC.h */,
				F9BBEFCC190BF23800452C5C /* FriendsVC.m */,
			);
			name = Friend;
			sourceTree = "<group>";
		};
		F9163D15193BBD86002EE1E2 /* Group */ = {
			isa = PBXGroup;
			children = (
				F9B01705192A67150088B6AB /* GroupEditMembersVC.h */,
				F9B01706192A67150088B6AB /* GroupEditMembersVC.m */,
				F9BBEFE0190BF41C00452C5C /* GroupDetailVC.h */,
				F9BBEFE1190BF41C00452C5C /* GroupDetailVC.m */,
				F9BBEFCE190BF24700452C5C /* GroupsVC.h */,
				F9BBEFCF190BF24700452C5C /* GroupsVC.m */,
			);
			name = Group;
			sourceTree = "<group>";
		};
		F9163D16193BBD8B002EE1E2 /* Beckon */ = {
			isa = PBXGroup;
			children = (
				F91D14E51933AF670094299C /* BeckonPickFriendsVC.h */,
				F91D14E61933AF670094299C /* BeckonPickFriendsVC.m */,
				F91D14E81933AF9A0094299C /* BeckonPickGroupsVC.h */,
				F91D14E91933AF9A0094299C /* BeckonPickGroupsVC.m */,
				F9BBEFE3190BF45D00452C5C /* BeckonCreateVC.h */,
				F9BBEFE4190BF45D00452C5C /* BeckonCreateVC.m */,
				F9BBEFE6190BF47100452C5C /* BeckonDetailVC.h */,
				F9BBEFE7190BF47100452C5C /* BeckonDetailVC.m */,
				F9BBEFC8190BF22700452C5C /* BeckonVC.h */,
				F9BBEFC9190BF22700452C5C /* BeckonVC.m */,
			);
			name = Beckon;
			sourceTree = "<group>";
		};
		F9163D17193BBDC3002EE1E2 /* Supporting View Controllers */ = {
			isa = PBXGroup;
			children = (
				F9BBEFD1190BF26800452C5C /* SignInVC.h */,
				F9BBEFD2190BF26800452C5C /* SignInVC.m */,
				F9BBEFD4190BF27700452C5C /* SignUpVC.h */,
				F9BBEFD5190BF27700452C5C /* SignUpVC.m */,
				F9ADF35A190BF9DA002C6809 /* SettingsVC.h */,
				F9ADF35B190BF9DA002C6809 /* SettingsVC.m */,
				F9B016FF19290EFF0088B6AB /* MainTabVC.h */,
				F9B0170019290EFF0088B6AB /* MainTabVC.m */,
			);
			name = "Supporting View Controllers";
			sourceTree = "<group>";
		};
		F9ADF35D190BFABB002C6809 /* Images */ = {
			isa = PBXGroup;
			children = (
				F9BDCFAC19379FBF0095E598 /* Bertil3.jpg */,
				F95B92C9193A8C9300416BDA /* lllaallalalalajfæowehfpawpfuawbdpo.png */,
				F9BDCFA219379EE10095E598 /* Logo 58x58.png */,
				F9BDCFA319379EE10095E598 /* logo 80x80.png */,
				F9BDCFA419379EE10095E598 /* logo 120x120.png */,
				F95B92CB193A8D3E00416BDA /* Lalaatest3ocu.png */,
				F9BDCFA519379EE10095E598 /* logo 640x960.png */,
				F9BDCFA619379EE10095E598 /* logo 640x1136.png */,
			);
			name = Images;
			sourceTree = "<group>";
		};
		F9B01711192BBABC0088B6AB /* Cells */ = {
			isa = PBXGroup;
			children = (
				F9163D19193E1A55002EE1E2 /* ChatRoomCell.m */,
				F9163D18193E1A55002EE1E2 /* ChatRoomCell.h */,
				F9B016F91927AA9E0088B6AB /* GroupCell.h */,
				F9B016FA1927AA9E0088B6AB /* GroupCell.m */,
				F9B016FC1928E6510088B6AB /* FriendCell.h */,
				F9B016FD1928E6510088B6AB /* FriendCell.m */,
				F9B0170E192BBAB40088B6AB /* MemberCell.h */,
				F9B0170F192BBAB40088B6AB /* MemberCell.m */,
				F91D14E21933A5380094299C /* BeckonCell.h */,
				F91D14E31933A5380094299C /* BeckonCell.m */,
			);
			name = Cells;
			sourceTree = "<group>";
		};
		F9BBEF86190AF05B00452C5C = {
			isa = PBXGroup;
			children = (
				F9BBEF98190AF05C00452C5C /* Junebug */,
				F9BBEF91190AF05B00452C5C /* Frameworks */,
				F9BBEF90190AF05B00452C5C /* Products */,
			);
			sourceTree = "<group>";
		};
		F9BBEF90190AF05B00452C5C /* Products */ = {
			isa = PBXGroup;
			children = (
				F9BBEF8F190AF05B00452C5C /* Junebug.app */,
			);
			name = Products;
			sourceTree = "<group>";
		};
		F9BBEF91190AF05B00452C5C /* Frameworks */ = {
			isa = PBXGroup;
			children = (
				F9DE061A195EE5A900D3356A /* MapKit.framework */,
				F9163D0C193BADDA002EE1E2 /* MediaPlayer.framework */,
				F9163D0A193BADC9002EE1E2 /* QuartzCore.framework */,
				F9BBEF92190AF05C00452C5C /* Foundation.framework */,
				F9BBEF94190AF05C00452C5C /* CoreGraphics.framework */,
				F9BBEF96190AF05C00452C5C /* UIKit.framework */,
				F9BBEFB1190AF05C00452C5C /* XCTest.framework */,
			);
			name = Frameworks;
			sourceTree = "<group>";
		};
		F9BBEF98190AF05C00452C5C /* Junebug */ = {
			isa = PBXGroup;
			children = (
				F9163CD9193BAD07002EE1E2 /* SOMessaging */,
				F9B01711192BBABC0088B6AB /* Cells */,
				F9ADF35D190BFABB002C6809 /* Images */,
				F9BBEFF6190BF6A600452C5C /* Utils */,
				F9BBEFE9190BF64600452C5C /* Models */,
				F9BBEFC7190BF1FE00452C5C /* Controllers */,
				F9BBEFA1190AF05C00452C5C /* AppDelegate.h */,
				F9BBEFA2190AF05C00452C5C /* AppDelegate.m */,
				F9BBEFA4190AF05C00452C5C /* Main.storyboard */,
				F9BBEFAA190AF05C00452C5C /* Images.xcassets */,
				F9BBEF99190AF05C00452C5C /* Supporting Files */,
			);
			path = Junebug;
			sourceTree = "<group>";
		};
		F9BBEF99190AF05C00452C5C /* Supporting Files */ = {
			isa = PBXGroup;
			children = (
				F9BBEF9A190AF05C00452C5C /* Junebug-Info.plist */,
				F9BBEF9B190AF05C00452C5C /* InfoPlist.strings */,
				F9BBEF9E190AF05C00452C5C /* main.m */,
				F9BBEFA0190AF05C00452C5C /* Junebug-Prefix.pch */,
			);
			name = "Supporting Files";
			sourceTree = "<group>";
		};
		F9BBEFC7190BF1FE00452C5C /* Controllers */ = {
			isa = PBXGroup;
			children = (
				F9163D17193BBDC3002EE1E2 /* Supporting View Controllers */,
				F9163D16193BBD8B002EE1E2 /* Beckon */,
				F9163D15193BBD86002EE1E2 /* Group */,
				F9163D14193BBD7E002EE1E2 /* Friend */,
			);
			name = Controllers;
			sourceTree = "<group>";
		};
		F9BBEFE9190BF64600452C5C /* Models */ = {
			isa = PBXGroup;
			children = (
				F9BBEFED190BF68A00452C5C /* Friends.h */,
				F9BBEFEE190BF68A00452C5C /* Friends.m */,
				F9BBEFF0190BF69500452C5C /* Groups.h */,
				F9BBEFF1190BF69500452C5C /* Groups.m */,
				F9BBEFF3190BF6A000452C5C /* Beckons.h */,
				F9BBEFF4190BF6A000452C5C /* Beckons.m */,
				F9572A1E192135F500D7D51E /* AppState.h */,
				F9572A1F192135F500D7D51E /* AppState.m */,
				F9B01708192A68940088B6AB /* Group.h */,
				F9B01709192A68940088B6AB /* Group.m */,
				F9B0170B192A6CCD0088B6AB /* Friend.h */,
				F9B0170C192A6CCD0088B6AB /* Friend.m */,
				F91D14EB1934FD7D0094299C /* Beckon.h */,
				F91D14EC1934FD7D0094299C /* Beckon.m */,
			);
			name = Models;
			sourceTree = "<group>";
		};
		F9BBEFF6190BF6A600452C5C /* Utils */ = {
			isa = PBXGroup;
			children = (
				F9BBEFF7190BF6B800452C5C /* Server.h */,
				F9BBEFF8190BF6B800452C5C /* Server.m */,
			);
			name = Utils;
			sourceTree = "<group>";
		};
/* End PBXGroup section */

/* Begin PBXNativeTarget section */
		F9BBEF8E190AF05B00452C5C /* Junebug */ = {
			isa = PBXNativeTarget;
			buildConfigurationList = F9BBEFC1190AF05C00452C5C /* Build configuration list for PBXNativeTarget "Junebug" */;
			buildPhases = (
				F9BBEF8B190AF05B00452C5C /* Sources */,
				F9BBEF8C190AF05B00452C5C /* Frameworks */,
				F9BBEF8D190AF05B00452C5C /* Resources */,
			);
			buildRules = (
			);
			dependencies = (
			);
			name = Junebug;
			productName = Junebug;
			productReference = F9BBEF8F190AF05B00452C5C /* Junebug.app */;
			productType = "com.apple.product-type.application";
		};
/* End PBXNativeTarget section */

/* Begin PBXProject section */
		F9BBEF87190AF05B00452C5C /* Project object */ = {
			isa = PBXProject;
			attributes = {
				LastUpgradeCheck = 0510;
				ORGANIZATIONNAME = "General Bits";
				TargetAttributes = {
					F9BBEF8E190AF05B00452C5C = {
						DevelopmentTeam = 24ZKBP96S6;
						SystemCapabilities = {
							com.apple.BackgroundModes = {
								enabled = 1;
							};
							com.apple.iOS = {
								enabled = 0;
							};
						};
					};
				};
			};
			buildConfigurationList = F9BBEF8A190AF05B00452C5C /* Build configuration list for PBXProject "Junebug" */;
			compatibilityVersion = "Xcode 3.2";
			developmentRegion = English;
			hasScannedForEncodings = 0;
			knownRegions = (
				en,
				Base,
			);
			mainGroup = F9BBEF86190AF05B00452C5C;
			productRefGroup = F9BBEF90190AF05B00452C5C /* Products */;
			projectDirPath = "";
			projectRoot = "";
			targets = (
				F9BBEF8E190AF05B00452C5C /* Junebug */,
			);
		};
/* End PBXProject section */

/* Begin PBXResourcesBuildPhase section */
		F9BBEF8D190AF05B00452C5C /* Resources */ = {
			isa = PBXResourcesBuildPhase;
			buildActionMask = 2147483647;
			files = (
				F9BDCFA719379EE10095E598 /* Logo 58x58.png in Resources */,
				F95B92CA193A8C9300416BDA /* lllaallalalalajfæowehfpawpfuawbdpo.png in Resources */,
				F9BBEFAB190AF05C00452C5C /* Images.xcassets in Resources */,
				F9163D02193BAD07002EE1E2 /* play_button@2x.png in Resources */,
				F9163CFD193BAD07002EE1E2 /* bubbleReceive.png in Resources */,
				F9163CFC193BAD07002EE1E2 /* bubble@2x.png in Resources */,
				F9163CFA193BAD07002EE1E2 /* attachment@2x.png in Resources */,
				F9163D00193BAD07002EE1E2 /* inputTextBG@2x.png in Resources */,
				F9163D01193BAD07002EE1E2 /* play_button.png in Resources */,
				F9BDCFAB19379EE10095E598 /* logo 640x1136.png in Resources */,
				F95B92CC193A8D3E00416BDA /* Lalaatest3ocu.png in Resources */,
				F9BDCFAA19379EE10095E598 /* logo 640x960.png in Resources */,
				F9163CFB193BAD07002EE1E2 /* bubble.png in Resources */,
				F9163CF9193BAD07002EE1E2 /* attachment.png in Resources */,
				F9BDCFA919379EE10095E598 /* logo 120x120.png in Resources */,
				F9BBEF9D190AF05C00452C5C /* InfoPlist.strings in Resources */,
				F9BDCFA819379EE10095E598 /* logo 80x80.png in Resources */,
				F9163CFF193BAD07002EE1E2 /* inputTextBG.png in Resources */,
				F9BBEFA6190AF05C00452C5C /* Main.storyboard in Resources */,
				F9163CFE193BAD07002EE1E2 /* bubbleReceive@2x.png in Resources */,
				F9BDCFAD19379FBF0095E598 /* Bertil3.jpg in Resources */,
			);
			runOnlyForDeploymentPostprocessing = 0;
		};
/* End PBXResourcesBuildPhase section */

/* Begin PBXSourcesBuildPhase section */
		F9BBEF8B190AF05B00452C5C /* Sources */ = {
			isa = PBXSourcesBuildPhase;
			buildActionMask = 2147483647;
			files = (
				F9572A20192135F500D7D51E /* AppState.m in Sources */,
				F9BBEFD0190BF24700452C5C /* GroupsVC.m in Sources */,
				F9BBEFCA190BF22700452C5C /* BeckonVC.m in Sources */,
				F9B0170119290EFF0088B6AB /* MainTabVC.m in Sources */,
				F9B01710192BBAB40088B6AB /* MemberCell.m in Sources */,
				F91D14E41933A5380094299C /* BeckonCell.m in Sources */,
				F9163CF8193BAD07002EE1E2 /* NSString+Calculation.m in Sources */,
				F91D14E71933AF670094299C /* BeckonPickFriendsVC.m in Sources */,
				F9BBEFA3190AF05C00452C5C /* AppDelegate.m in Sources */,
				F9163D09193BAD07002EE1E2 /* UINavigationController+Rotation.m in Sources */,
				F91D14EA1933AF9A0094299C /* BeckonPickGroupsVC.m in Sources */,
				F9163D04193BAD07002EE1E2 /* SOMessage.m in Sources */,
				F9B0170D192A6CCD0088B6AB /* Friend.m in Sources */,
				F9ADF35C190BF9DA002C6809 /* SettingsVC.m in Sources */,
				F9BBEFDF190BF40A00452C5C /* FriendDetailVC.m in Sources */,
				F9BBEFF9190BF6B800452C5C /* Server.m in Sources */,
				F9BBEFD6190BF27700452C5C /* SignUpVC.m in Sources */,
				F95B92BF193A6A5800416BDA /* FriendTabVC.m in Sources */,
				F9BBEFEF190BF68A00452C5C /* Friends.m in Sources */,
				F9BBEFF2190BF69500452C5C /* Groups.m in Sources */,
				F9BBEFF5190BF6A000452C5C /* Beckons.m in Sources */,
				F9B016FE1928E6510088B6AB /* FriendCell.m in Sources */,
				F9BBEF9F190AF05C00452C5C /* main.m in Sources */,
				F91D14ED1934FD7D0094299C /* Beckon.m in Sources */,
				F9163D05193BAD07002EE1E2 /* SOMessageCell.m in Sources */,
				F9B0170A192A68940088B6AB /* Group.m in Sources */,
				F9BBEFD3190BF26800452C5C /* SignInVC.m in Sources */,
				F9BBEFCD190BF23800452C5C /* FriendsVC.m in Sources */,
				F9B016FB1927AA9E0088B6AB /* GroupCell.m in Sources */,
				F9BBEFE8190BF47100452C5C /* BeckonDetailVC.m in Sources */,
				F9163D06193BAD07002EE1E2 /* SOMessageInputView.m in Sources */,
				F9163D08193BAD07002EE1E2 /* SOPlaceholderedTextView.m in Sources */,
				F9163D13193BB23E002EE1E2 /* ChatRoomVC.m in Sources */,
				F9BBEFE5190BF45D00452C5C /* BeckonCreateVC.m in Sources */,
				F9163D03193BAD07002EE1E2 /* SOImageBrowserView.m in Sources */,
				F9BBEFE2190BF41C00452C5C /* GroupDetailVC.m in Sources */,
				F9163D07193BAD07002EE1E2 /* SOMessagingViewController.m in Sources */,
				F9163D1A193E1A55002EE1E2 /* ChatRoomCell.m in Sources */,
				F9B01707192A67150088B6AB /* GroupEditMembersVC.m in Sources */,
			);
			runOnlyForDeploymentPostprocessing = 0;
		};
/* End PBXSourcesBuildPhase section */

/* Begin PBXVariantGroup section */
		F9BBEF9B190AF05C00452C5C /* InfoPlist.strings */ = {
			isa = PBXVariantGroup;
			children = (
				F9BBEF9C190AF05C00452C5C /* en */,
			);
			name = InfoPlist.strings;
			sourceTree = "<group>";
		};
		F9BBEFA4190AF05C00452C5C /* Main.storyboard */ = {
			isa = PBXVariantGroup;
			children = (
				F9BBEFA5190AF05C00452C5C /* Base */,
			);
			name = Main.storyboard;
			sourceTree = "<group>";
		};
/* End PBXVariantGroup section */

/* Begin XCBuildConfiguration section */
		F9BBEFBF190AF05C00452C5C /* Debug */ = {
			isa = XCBuildConfiguration;
			buildSettings = {
				ALWAYS_SEARCH_USER_PATHS = NO;
				CLANG_CXX_LANGUAGE_STANDARD = "gnu++0x";
				CLANG_CXX_LIBRARY = "libc++";
				CLANG_ENABLE_MODULES = YES;
				CLANG_ENABLE_OBJC_ARC = YES;
				CLANG_WARN_BOOL_CONVERSION = YES;
				CLANG_WARN_CONSTANT_CONVERSION = YES;
				CLANG_WARN_DIRECT_OBJC_ISA_USAGE = YES_ERROR;
				CLANG_WARN_EMPTY_BODY = YES;
				CLANG_WARN_ENUM_CONVERSION = YES;
				CLANG_WARN_INT_CONVERSION = YES;
				CLANG_WARN_OBJC_ROOT_CLASS = YES_ERROR;
				CLANG_WARN__DUPLICATE_METHOD_MATCH = YES;
				"CODE_SIGN_IDENTITY[sdk=iphoneos*]" = "iPhone Developer";
				COPY_PHASE_STRIP = NO;
				GCC_C_LANGUAGE_STANDARD = gnu99;
				GCC_DYNAMIC_NO_PIC = NO;
				GCC_OPTIMIZATION_LEVEL = 0;
				GCC_PREPROCESSOR_DEFINITIONS = (
					"DEBUG=1",
					"$(inherited)",
				);
				GCC_SYMBOLS_PRIVATE_EXTERN = NO;
				GCC_WARN_64_TO_32_BIT_CONVERSION = YES;
				GCC_WARN_ABOUT_RETURN_TYPE = YES_ERROR;
				GCC_WARN_UNDECLARED_SELECTOR = YES;
				GCC_WARN_UNINITIALIZED_AUTOS = YES_AGGRESSIVE;
				GCC_WARN_UNUSED_FUNCTION = YES;
				GCC_WARN_UNUSED_VARIABLE = YES;
				IPHONEOS_DEPLOYMENT_TARGET = 7.1;
				ONLY_ACTIVE_ARCH = YES;
				SDKROOT = iphoneos;
			};
			name = Debug;
		};
		F9BBEFC0190AF05C00452C5C /* Release */ = {
			isa = XCBuildConfiguration;
			buildSettings = {
				ALWAYS_SEARCH_USER_PATHS = NO;
				CLANG_CXX_LANGUAGE_STANDARD = "gnu++0x";
				CLANG_CXX_LIBRARY = "libc++";
				CLANG_ENABLE_MODULES = YES;
				CLANG_ENABLE_OBJC_ARC = YES;
				CLANG_WARN_BOOL_CONVERSION = YES;
				CLANG_WARN_CONSTANT_CONVERSION = YES;
				CLANG_WARN_DIRECT_OBJC_ISA_USAGE = YES_ERROR;
				CLANG_WARN_EMPTY_BODY = YES;
				CLANG_WARN_ENUM_CONVERSION = YES;
				CLANG_WARN_INT_CONVERSION = YES;
				CLANG_WARN_OBJC_ROOT_CLASS = YES_ERROR;
				CLANG_WARN__DUPLICATE_METHOD_MATCH = YES;
				"CODE_SIGN_IDENTITY[sdk=iphoneos*]" = "iPhone Developer";
				COPY_PHASE_STRIP = YES;
				ENABLE_NS_ASSERTIONS = NO;
				GCC_C_LANGUAGE_STANDARD = gnu99;
				GCC_WARN_64_TO_32_BIT_CONVERSION = YES;
				GCC_WARN_ABOUT_RETURN_TYPE = YES_ERROR;
				GCC_WARN_UNDECLARED_SELECTOR = YES;
				GCC_WARN_UNINITIALIZED_AUTOS = YES_AGGRESSIVE;
				GCC_WARN_UNUSED_FUNCTION = YES;
				GCC_WARN_UNUSED_VARIABLE = YES;
				IPHONEOS_DEPLOYMENT_TARGET = 7.1;
				SDKROOT = iphoneos;
				VALIDATE_PRODUCT = YES;
			};
			name = Release;
		};
		F9BBEFC2190AF05C00452C5C /* Debug */ = {
			isa = XCBuildConfiguration;
			buildSettings = {
				ASSETCATALOG_COMPILER_APPICON_NAME = AppIcon;
				ASSETCATALOG_COMPILER_LAUNCHIMAGE_NAME = LaunchImage;
				CODE_SIGN_IDENTITY = "iPhone Developer";
				"CODE_SIGN_IDENTITY[sdk=iphoneos*]" = "iPhone Developer";
				GCC_PRECOMPILE_PREFIX_HEADER = YES;
				GCC_PREFIX_HEADER = "Junebug/Junebug-Prefix.pch";
				INFOPLIST_FILE = "Junebug/Junebug-Info.plist";
				PRODUCT_NAME = "$(TARGET_NAME)";
				PROVISIONING_PROFILE = "0FD02326-C935-4CF4-BE45-EF1C935092F2";
				TARGETED_DEVICE_FAMILY = 1;
				WRAPPER_EXTENSION = app;
			};
			name = Debug;
		};
		F9BBEFC3190AF05C00452C5C /* Release */ = {
			isa = XCBuildConfiguration;
			buildSettings = {
				ASSETCATALOG_COMPILER_APPICON_NAME = AppIcon;
				ASSETCATALOG_COMPILER_LAUNCHIMAGE_NAME = LaunchImage;
				CODE_SIGN_IDENTITY = "iPhone Developer";
				"CODE_SIGN_IDENTITY[sdk=iphoneos*]" = "iPhone Developer";
				GCC_PRECOMPILE_PREFIX_HEADER = YES;
				GCC_PREFIX_HEADER = "Junebug/Junebug-Prefix.pch";
				INFOPLIST_FILE = "Junebug/Junebug-Info.plist";
				PRODUCT_NAME = "$(TARGET_NAME)";
				PROVISIONING_PROFILE = "0FD02326-C935-4CF4-BE45-EF1C935092F2";
				TARGETED_DEVICE_FAMILY = 1;
				WRAPPER_EXTENSION = app;
			};
			name = Release;
		};
/* End XCBuildConfiguration section */

/* Begin XCConfigurationList section */
		F9BBEF8A190AF05B00452C5C /* Build configuration list for PBXProject "Junebug" */ = {
			isa = XCConfigurationList;
			buildConfigurations = (
				F9BBEFBF190AF05C00452C5C /* Debug */,
				F9BBEFC0190AF05C00452C5C /* Release */,
			);
			defaultConfigurationIsVisible = 0;
			defaultConfigurationName = Release;
		};
		F9BBEFC1190AF05C00452C5C /* Build configuration list for PBXNativeTarget "Junebug" */ = {
			isa = XCConfigurationList;
			buildConfigurations = (
				F9BBEFC2190AF05C00452C5C /* Debug */,
				F9BBEFC3190AF05C00452C5C /* Release */,
			);
			defaultConfigurationIsVisible = 0;
			defaultConfigurationName = Release;
		};
/* End XCConfigurationList section */
	};
	rootObject = F9BBEF87190AF05B00452C5C /* Project object */;
}
